
Microsoft Visual Studio Solution File, Format Version 12.00
# Visual Studio 15
VisualStudioVersion = 15.0.27004.2002
MinimumVisualStudioVersion = 10.0.40219.1
Project("{FAE04EC0-301F-11D3-BF4B-00C04F79EFBC}") = "BaseCSharp", "dotnet与csharp\BaseCSharp.csproj", "{E475F893-7215-478D-BC34-C600151B90D0}"
EndProject
Project("{FAE04EC0-301F-11D3-BF4B-00C04F79EFBC}") = "Test", "Test\Test.csproj", "{2F7C3E1B-1EA0-4641-9B8D-534256833A26}"
EndProject
Project("{FAE04EC0-301F-11D3-BF4B-00C04F79EFBC}") = "Html", "Html\Html.csproj", "{B3B30E42-712B-49D4-B0F2-88C12BB90FE1}"
EndProject
Project("{FAE04EC0-301F-11D3-BF4B-00C04F79EFBC}") = "GetNewGuid", "GetNewGuid\GetNewGuid.csproj", "{6FBA32C2-07C2-4028-A0A0-6128DD718811}"
EndProject
Project("{FAE04EC0-301F-11D3-BF4B-00C04F79EFBC}") = "算法", "算法\算法.csproj", "{A60D1855-23BC-4DE8-81F5-1ABAD452065B}"
EndProject
Project("{FAE04EC0-301F-11D3-BF4B-00C04F79EFBC}") = "CommonFunction", "CommonFunction\CommonFunction.csproj", "{3DD0F55A-1F3C-477E-A90B-A44D6CC2DCE7}"
EndProject
Project("{8BC9CEB8-8B4A-11D0-8D11-00A0C91BC942}") = "CProgram", "CProgram\CProgram.vcxproj", "{E412DD6B-E8AD-43A0-AB81-664DAD4C55B3}"
EndProject
Project("{8BC9CEB8-8B4A-11D0-8D11-00A0C91BC942}") = "DllTest01", "DllTest01\DllTest01.vcxproj", "{55C697FE-533A-4A24-B3AA-89DA1153B0B2}"
EndProject
Project("{8BC9CEB8-8B4A-11D0-8D11-00A0C91BC942}") = "DllTest", "DllTest\DllTest.vcxproj", "{0D9DFC33-556D-47A5-9FDA-7A7B38760210}"
EndProject
Project("{FAE04EC0-301F-11D3-BF4B-00C04F79EFBC}") = "PracticeProgram", "PracticeProgram\PracticeProgram.csproj", "{38312404-0FCC-4C08-B0D8-04D34AB86543}"
EndProject
Project("{FAE04EC0-301F-11D3-BF4B-00C04F79EFBC}") = "PracticeWeb", "PracticeWeb\PracticeWeb.csproj", "{61FEB470-6B05-4821-A9A2-213F09530C48}"
EndProject
Project("{2150E333-8FDC-42A3-9474-1A3956D46DE8}") = "Lib.Contacts", "Lib.Contacts", "{BE661ECA-C919-4B5B-BC99-E75D55B096DD}"
EndProject
Project("{FAE04EC0-301F-11D3-BF4B-00C04F79EFBC}") = "Lib.DBHelper", "Lib.DBHelper\Lib.DBHelper.csproj", "{500C9AD1-37B1-439B-A8AD-C9A306564241}"
EndProject
Project("{FAE04EC0-301F-11D3-BF4B-00C04F79EFBC}") = "Lib.HttpHelper", "Lib.HttpHelper\Lib.HttpHelper.csproj", "{D03070B6-47B0-4017-B23B-6CB5C775C056}"
EndProject
Project("{FAE04EC0-301F-11D3-BF4B-00C04F79EFBC}") = "ImageDeal", "ImageDeal\ImageDeal.csproj", "{6E3CF9CE-E947-44E7-8412-E625E6BE1778}"
EndProject
Project("{888888A0-9F3D-457C-B088-3A5042F75D52}") = "PythonTestSpace", "PythonTestSpace\PythonTestSpace.pyproj", "{B33EF6D2-0A83-4016-9702-485E1C390915}"
EndProject
Project("{8BC9CEB8-8B4A-11D0-8D11-00A0C91BC942}") = "ConsoleApplication1", "ConsoleApplication1\ConsoleApplication1.vcxproj", "{221A78C1-1CCE-4496-974C-0A248D7BDBDC}"
EndProject
Project("{54435603-DBB4-11D2-8724-00A0C9A8B90C}") = "Setup1", "Setup1\Setup1.vdproj", "{68F4A9F4-7F96-4251-8DC9-5395FF03AA04}"
EndProject
Global
	GlobalSection(SolutionConfigurationPlatforms) = preSolution
		Debug|Any CPU = Debug|Any CPU
		Debug|Mixed Platforms = Debug|Mixed Platforms
		Debug|Win32 = Debug|Win32
		Debug|x64 = Debug|x64
		Debug|x86 = Debug|x86
		Release|Any CPU = Release|Any CPU
		Release|Mixed Platforms = Release|Mixed Platforms
		Release|Win32 = Release|Win32
		Release|x64 = Release|x64
		Release|x86 = Release|x86
	EndGlobalSection
	GlobalSection(ProjectConfigurationPlatforms) = postSolution
		{E475F893-7215-478D-BC34-C600151B90D0}.Debug|Any CPU.ActiveCfg = Debug|Any CPU
		{E475F893-7215-478D-BC34-C600151B90D0}.Debug|Any CPU.Build.0 = Debug|Any CPU
		{E475F893-7215-478D-BC34-C600151B90D0}.Debug|Mixed Platforms.ActiveCfg = Debug|Any CPU
		{E475F893-7215-478D-BC34-C600151B90D0}.Debug|Mixed Platforms.Build.0 = Debug|Any CPU
		{E475F893-7215-478D-BC34-C600151B90D0}.Debug|Win32.ActiveCfg = Debug|Any CPU
		{E475F893-7215-478D-BC34-C600151B90D0}.Debug|x64.ActiveCfg = Debug|Any CPU
		{E475F893-7215-478D-BC34-C600151B90D0}.Debug|x64.Build.0 = Debug|Any CPU
		{E475F893-7215-478D-BC34-C600151B90D0}.Debug|x86.ActiveCfg = Debug|Any CPU
		{E475F893-7215-478D-BC34-C600151B90D0}.Debug|x86.Build.0 = Debug|Any CPU
		{E475F893-7215-478D-BC34-C600151B90D0}.Release|Any CPU.ActiveCfg = Release|Any CPU
		{E475F893-7215-478D-BC34-C600151B90D0}.Release|Any CPU.Build.0 = Release|Any CPU
		{E475F893-7215-478D-BC34-C600151B90D0}.Release|Mixed Platforms.ActiveCfg = Release|Any CPU
		{E475F893-7215-478D-BC34-C600151B90D0}.Release|Mixed Platforms.Build.0 = Release|Any CPU
		{E475F893-7215-478D-BC34-C600151B90D0}.Release|Win32.ActiveCfg = Release|Any CPU
		{E475F893-7215-478D-BC34-C600151B90D0}.Release|x64.ActiveCfg = Release|Any CPU
		{E475F893-7215-478D-BC34-C600151B90D0}.Release|x64.Build.0 = Release|Any CPU
		{E475F893-7215-478D-BC34-C600151B90D0}.Release|x86.ActiveCfg = Release|Any CPU
		{E475F893-7215-478D-BC34-C600151B90D0}.Release|x86.Build.0 = Release|Any CPU
		{2F7C3E1B-1EA0-4641-9B8D-534256833A26}.Debug|Any CPU.ActiveCfg = Debug|Any CPU
		{2F7C3E1B-1EA0-4641-9B8D-534256833A26}.Debug|Any CPU.Build.0 = Debug|Any CPU
		{2F7C3E1B-1EA0-4641-9B8D-534256833A26}.Debug|Mixed Platforms.ActiveCfg = Debug|Any CPU
		{2F7C3E1B-1EA0-4641-9B8D-534256833A26}.Debug|Mixed Platforms.Build.0 = Debug|Any CPU
		{2F7C3E1B-1EA0-4641-9B8D-534256833A26}.Debug|Win32.ActiveCfg = Debug|Any CPU
		{2F7C3E1B-1EA0-4641-9B8D-534256833A26}.Debug|x64.ActiveCfg = Debug|Any CPU
		{2F7C3E1B-1EA0-4641-9B8D-534256833A26}.Debug|x64.Build.0 = Debug|Any CPU
		{2F7C3E1B-1EA0-4641-9B8D-534256833A26}.Debug|x86.ActiveCfg = Debug|Any CPU
		{2F7C3E1B-1EA0-4641-9B8D-534256833A26}.Debug|x86.Build.0 = Debug|Any CPU
		{2F7C3E1B-1EA0-4641-9B8D-534256833A26}.Release|Any CPU.ActiveCfg = Release|Any CPU
		{2F7C3E1B-1EA0-4641-9B8D-534256833A26}.Release|Any CPU.Build.0 = Release|Any CPU
		{2F7C3E1B-1EA0-4641-9B8D-534256833A26}.Release|Mixed Platforms.ActiveCfg = Release|Any CPU
		{2F7C3E1B-1EA0-4641-9B8D-534256833A26}.Release|Mixed Platforms.Build.0 = Release|Any CPU
		{2F7C3E1B-1EA0-4641-9B8D-534256833A26}.Release|Win32.ActiveCfg = Release|Any CPU
		{2F7C3E1B-1EA0-4641-9B8D-534256833A26}.Release|x64.ActiveCfg = Release|Any CPU
		{2F7C3E1B-1EA0-4641-9B8D-534256833A26}.Release|x64.Build.0 = Release|Any CPU
		{2F7C3E1B-1EA0-4641-9B8D-534256833A26}.Release|x86.ActiveCfg = Release|Any CPU
		{2F7C3E1B-1EA0-4641-9B8D-534256833A26}.Release|x86.Build.0 = Release|Any CPU
		{B3B30E42-712B-49D4-B0F2-88C12BB90FE1}.Debug|Any CPU.ActiveCfg = Debug|Any CPU
		{B3B30E42-712B-49D4-B0F2-88C12BB90FE1}.Debug|Any CPU.Build.0 = Debug|Any CPU
		{B3B30E42-712B-49D4-B0F2-88C12BB90FE1}.Debug|Mixed Platforms.ActiveCfg = Debug|Any CPU
		{B3B30E42-712B-49D4-B0F2-88C12BB90FE1}.Debug|Mixed Platforms.Build.0 = Debug|Any CPU
		{B3B30E42-712B-49D4-B0F2-88C12BB90FE1}.Debug|Win32.ActiveCfg = Debug|Any CPU
		{B3B30E42-712B-49D4-B0F2-88C12BB90FE1}.Debug|x64.ActiveCfg = Debug|Any CPU
		{B3B30E42-712B-49D4-B0F2-88C12BB90FE1}.Debug|x64.Build.0 = Debug|Any CPU
		{B3B30E42-712B-49D4-B0F2-88C12BB90FE1}.Debug|x86.ActiveCfg = Debug|Any CPU
		{B3B30E42-712B-49D4-B0F2-88C12BB90FE1}.Debug|x86.Build.0 = Debug|Any CPU
		{B3B30E42-712B-49D4-B0F2-88C12BB90FE1}.Release|Any CPU.ActiveCfg = Release|Any CPU
		{B3B30E42-712B-49D4-B0F2-88C12BB90FE1}.Release|Any CPU.Build.0 = Release|Any CPU
		{B3B30E42-712B-49D4-B0F2-88C12BB90FE1}.Release|Mixed Platforms.ActiveCfg = Release|Any CPU
		{B3B30E42-712B-49D4-B0F2-88C12BB90FE1}.Release|Mixed Platforms.Build.0 = Release|Any CPU
		{B3B30E42-712B-49D4-B0F2-88C12BB90FE1}.Release|Win32.ActiveCfg = Release|Any CPU
		{B3B30E42-712B-49D4-B0F2-88C12BB90FE1}.Release|x64.ActiveCfg = Release|Any CPU
		{B3B30E42-712B-49D4-B0F2-88C12BB90FE1}.Release|x64.Build.0 = Release|Any CPU
		{B3B30E42-712B-49D4-B0F2-88C12BB90FE1}.Release|x86.ActiveCfg = Release|Any CPU
		{B3B30E42-712B-49D4-B0F2-88C12BB90FE1}.Release|x86.Build.0 = Release|Any CPU
		{6FBA32C2-07C2-4028-A0A0-6128DD718811}.Debug|Any CPU.ActiveCfg = Debug|Any CPU
		{6FBA32C2-07C2-4028-A0A0-6128DD718811}.Debug|Any CPU.Build.0 = Debug|Any CPU
		{6FBA32C2-07C2-4028-A0A0-6128DD718811}.Debug|Mixed Platforms.ActiveCfg = Debug|Any CPU
		{6FBA32C2-07C2-4028-A0A0-6128DD718811}.Debug|Mixed Platforms.Build.0 = Debug|Any CPU
		{6FBA32C2-07C2-4028-A0A0-6128DD718811}.Debug|Win32.ActiveCfg = Debug|Any CPU
		{6FBA32C2-07C2-4028-A0A0-6128DD718811}.Debug|x64.ActiveCfg = Debug|Any CPU
		{6FBA32C2-07C2-4028-A0A0-6128DD718811}.Debug|x64.Build.0 = Debug|Any CPU
		{6FBA32C2-07C2-4028-A0A0-6128DD718811}.Debug|x86.ActiveCfg = Debug|Any CPU
		{6FBA32C2-07C2-4028-A0A0-6128DD718811}.Debug|x86.Build.0 = Debug|Any CPU
		{6FBA32C2-07C2-4028-A0A0-6128DD718811}.Release|Any CPU.ActiveCfg = Release|Any CPU
		{6FBA32C2-07C2-4028-A0A0-6128DD718811}.Release|Any CPU.Build.0 = Release|Any CPU
		{6FBA32C2-07C2-4028-A0A0-6128DD718811}.Release|Mixed Platforms.ActiveCfg = Release|Any CPU
		{6FBA32C2-07C2-4028-A0A0-6128DD718811}.Release|Mixed Platforms.Build.0 = Release|Any CPU
		{6FBA32C2-07C2-4028-A0A0-6128DD718811}.Release|Win32.ActiveCfg = Release|Any CPU
		{6FBA32C2-07C2-4028-A0A0-6128DD718811}.Release|x64.ActiveCfg = Release|Any CPU
		{6FBA32C2-07C2-4028-A0A0-6128DD718811}.Release|x64.Build.0 = Release|Any CPU
		{6FBA32C2-07C2-4028-A0A0-6128DD718811}.Release|x86.ActiveCfg = Release|Any CPU
		{6FBA32C2-07C2-4028-A0A0-6128DD718811}.Release|x86.Build.0 = Release|Any CPU
		{A60D1855-23BC-4DE8-81F5-1ABAD452065B}.Debug|Any CPU.ActiveCfg = Debug|Any CPU
		{A60D1855-23BC-4DE8-81F5-1ABAD452065B}.Debug|Any CPU.Build.0 = Debug|Any CPU
		{A60D1855-23BC-4DE8-81F5-1ABAD452065B}.Debug|Mixed Platforms.ActiveCfg = Debug|Any CPU
		{A60D1855-23BC-4DE8-81F5-1ABAD452065B}.Debug|Mixed Platforms.Build.0 = Debug|Any CPU
		{A60D1855-23BC-4DE8-81F5-1ABAD452065B}.Debug|Win32.ActiveCfg = Debug|Any CPU
		{A60D1855-23BC-4DE8-81F5-1ABAD452065B}.Debug|x64.ActiveCfg = Debug|Any CPU
		{A60D1855-23BC-4DE8-81F5-1ABAD452065B}.Debug|x64.Build.0 = Debug|Any CPU
		{A60D1855-23BC-4DE8-81F5-1ABAD452065B}.Debug|x86.ActiveCfg = Debug|Any CPU
		{A60D1855-23BC-4DE8-81F5-1ABAD452065B}.Debug|x86.Build.0 = Debug|Any CPU
		{A60D1855-23BC-4DE8-81F5-1ABAD452065B}.Release|Any CPU.ActiveCfg = Release|Any CPU
		{A60D1855-23BC-4DE8-81F5-1ABAD452065B}.Release|Any CPU.Build.0 = Release|Any CPU
		{A60D1855-23BC-4DE8-81F5-1ABAD452065B}.Release|Mixed Platforms.ActiveCfg = Release|Any CPU
		{A60D1855-23BC-4DE8-81F5-1ABAD452065B}.Release|Mixed Platforms.Build.0 = Release|Any CPU
		{A60D1855-23BC-4DE8-81F5-1ABAD452065B}.Release|Win32.ActiveCfg = Release|Any CPU
		{A60D1855-23BC-4DE8-81F5-1ABAD452065B}.Release|x64.ActiveCfg = Release|Any CPU
		{A60D1855-23BC-4DE8-81F5-1ABAD452065B}.Release|x64.Build.0 = Release|Any CPU
		{A60D1855-23BC-4DE8-81F5-1ABAD452065B}.Release|x86.ActiveCfg = Release|Any CPU
		{A60D1855-23BC-4DE8-81F5-1ABAD452065B}.Release|x86.Build.0 = Release|Any CPU
		{3DD0F55A-1F3C-477E-A90B-A44D6CC2DCE7}.Debug|Any CPU.ActiveCfg = Debug|Any CPU
		{3DD0F55A-1F3C-477E-A90B-A44D6CC2DCE7}.Debug|Any CPU.Build.0 = Debug|Any CPU
		{3DD0F55A-1F3C-477E-A90B-A44D6CC2DCE7}.Debug|Mixed Platforms.ActiveCfg = Debug|Any CPU
		{3DD0F55A-1F3C-477E-A90B-A44D6CC2DCE7}.Debug|Mixed Platforms.Build.0 = Debug|Any CPU
		{3DD0F55A-1F3C-477E-A90B-A44D6CC2DCE7}.Debug|Win32.ActiveCfg = Debug|Any CPU
		{3DD0F55A-1F3C-477E-A90B-A44D6CC2DCE7}.Debug|x64.ActiveCfg = Debug|Any CPU
		{3DD0F55A-1F3C-477E-A90B-A44D6CC2DCE7}.Debug|x64.Build.0 = Debug|Any CPU
		{3DD0F55A-1F3C-477E-A90B-A44D6CC2DCE7}.Debug|x86.ActiveCfg = Debug|Any CPU
		{3DD0F55A-1F3C-477E-A90B-A44D6CC2DCE7}.Debug|x86.Build.0 = Debug|Any CPU
		{3DD0F55A-1F3C-477E-A90B-A44D6CC2DCE7}.Release|Any CPU.ActiveCfg = Release|Any CPU
		{3DD0F55A-1F3C-477E-A90B-A44D6CC2DCE7}.Release|Any CPU.Build.0 = Release|Any CPU
		{3DD0F55A-1F3C-477E-A90B-A44D6CC2DCE7}.Release|Mixed Platforms.ActiveCfg = Release|Any CPU
		{3DD0F55A-1F3C-477E-A90B-A44D6CC2DCE7}.Release|Mixed Platforms.Build.0 = Release|Any CPU
		{3DD0F55A-1F3C-477E-A90B-A44D6CC2DCE7}.Release|Win32.ActiveCfg = Release|Any CPU
		{3DD0F55A-1F3C-477E-A90B-A44D6CC2DCE7}.Release|x64.ActiveCfg = Release|Any CPU
		{3DD0F55A-1F3C-477E-A90B-A44D6CC2DCE7}.Release|x64.Build.0 = Release|Any CPU
		{3DD0F55A-1F3C-477E-A90B-A44D6CC2DCE7}.Release|x86.ActiveCfg = Release|Any CPU
		{3DD0F55A-1F3C-477E-A90B-A44D6CC2DCE7}.Release|x86.Build.0 = Release|Any CPU
		{E412DD6B-E8AD-43A0-AB81-664DAD4C55B3}.Debug|Any CPU.ActiveCfg = Debug|Win32
		{E412DD6B-E8AD-43A0-AB81-664DAD4C55B3}.Debug|Mixed Platforms.ActiveCfg = Debug|Win32
		{E412DD6B-E8AD-43A0-AB81-664DAD4C55B3}.Debug|Mixed Platforms.Build.0 = Debug|Win32
		{E412DD6B-E8AD-43A0-AB81-664DAD4C55B3}.Debug|Win32.ActiveCfg = Debug|Win32
		{E412DD6B-E8AD-43A0-AB81-664DAD4C55B3}.Debug|Win32.Build.0 = Debug|Win32
		{E412DD6B-E8AD-43A0-AB81-664DAD4C55B3}.Debug|x64.ActiveCfg = Debug|x64
		{E412DD6B-E8AD-43A0-AB81-664DAD4C55B3}.Debug|x64.Build.0 = Debug|x64
		{E412DD6B-E8AD-43A0-AB81-664DAD4C55B3}.Debug|x86.ActiveCfg = Debug|Win32
		{E412DD6B-E8AD-43A0-AB81-664DAD4C55B3}.Release|Any CPU.ActiveCfg = Release|Win32
		{E412DD6B-E8AD-43A0-AB81-664DAD4C55B3}.Release|Mixed Platforms.ActiveCfg = Release|Win32
		{E412DD6B-E8AD-43A0-AB81-664DAD4C55B3}.Release|Mixed Platforms.Build.0 = Release|Win32
		{E412DD6B-E8AD-43A0-AB81-664DAD4C55B3}.Release|Win32.ActiveCfg = Release|Win32
		{E412DD6B-E8AD-43A0-AB81-664DAD4C55B3}.Release|Win32.Build.0 = Release|Win32
		{E412DD6B-E8AD-43A0-AB81-664DAD4C55B3}.Release|x64.ActiveCfg = Release|x64
		{E412DD6B-E8AD-43A0-AB81-664DAD4C55B3}.Release|x64.Build.0 = Release|x64
		{E412DD6B-E8AD-43A0-AB81-664DAD4C55B3}.Release|x86.ActiveCfg = Release|Win32
		{55C697FE-533A-4A24-B3AA-89DA1153B0B2}.Debug|Any CPU.ActiveCfg = Debug|Win32
		{55C697FE-533A-4A24-B3AA-89DA1153B0B2}.Debug|Mixed Platforms.ActiveCfg = Debug|Win32
		{55C697FE-533A-4A24-B3AA-89DA1153B0B2}.Debug|Mixed Platforms.Build.0 = Debug|Win32
		{55C697FE-533A-4A24-B3AA-89DA1153B0B2}.Debug|Win32.ActiveCfg = Debug|Win32
		{55C697FE-533A-4A24-B3AA-89DA1153B0B2}.Debug|Win32.Build.0 = Debug|Win32
		{55C697FE-533A-4A24-B3AA-89DA1153B0B2}.Debug|x64.ActiveCfg = Debug|x64
		{55C697FE-533A-4A24-B3AA-89DA1153B0B2}.Debug|x64.Build.0 = Debug|x64
		{55C697FE-533A-4A24-B3AA-89DA1153B0B2}.Debug|x86.ActiveCfg = Debug|Win32
		{55C697FE-533A-4A24-B3AA-89DA1153B0B2}.Release|Any CPU.ActiveCfg = Release|Win32
		{55C697FE-533A-4A24-B3AA-89DA1153B0B2}.Release|Mixed Platforms.ActiveCfg = Release|Win32
		{55C697FE-533A-4A24-B3AA-89DA1153B0B2}.Release|Mixed Platforms.Build.0 = Release|Win32
		{55C697FE-533A-4A24-B3AA-89DA1153B0B2}.Release|Win32.ActiveCfg = Release|Win32
		{55C697FE-533A-4A24-B3AA-89DA1153B0B2}.Release|Win32.Build.0 = Release|Win32
		{55C697FE-533A-4A24-B3AA-89DA1153B0B2}.Release|x64.ActiveCfg = Release|x64
		{55C697FE-533A-4A24-B3AA-89DA1153B0B2}.Release|x64.Build.0 = Release|x64
		{55C697FE-533A-4A24-B3AA-89DA1153B0B2}.Release|x86.ActiveCfg = Release|Win32
		{0D9DFC33-556D-47A5-9FDA-7A7B38760210}.Debug|Any CPU.ActiveCfg = Debug|Win32
		{0D9DFC33-556D-47A5-9FDA-7A7B38760210}.Debug|Mixed Platforms.ActiveCfg = Debug|Win32
		{0D9DFC33-556D-47A5-9FDA-7A7B38760210}.Debug|Mixed Platforms.Build.0 = Debug|Win32
		{0D9DFC33-556D-47A5-9FDA-7A7B38760210}.Debug|Win32.ActiveCfg = Debug|Win32
		{0D9DFC33-556D-47A5-9FDA-7A7B38760210}.Debug|Win32.Build.0 = Debug|Win32
		{0D9DFC33-556D-47A5-9FDA-7A7B38760210}.Debug|x64.ActiveCfg = Debug|x64
		{0D9DFC33-556D-47A5-9FDA-7A7B38760210}.Debug|x64.Build.0 = Debug|x64
		{0D9DFC33-556D-47A5-9FDA-7A7B38760210}.Debug|x86.ActiveCfg = Debug|Win32
		{0D9DFC33-556D-47A5-9FDA-7A7B38760210}.Release|Any CPU.ActiveCfg = Release|Win32
		{0D9DFC33-556D-47A5-9FDA-7A7B38760210}.Release|Mixed Platforms.ActiveCfg = Release|Win32
		{0D9DFC33-556D-47A5-9FDA-7A7B38760210}.Release|Mixed Platforms.Build.0 = Release|Win32
		{0D9DFC33-556D-47A5-9FDA-7A7B38760210}.Release|Win32.ActiveCfg = Release|Win32
		{0D9DFC33-556D-47A5-9FDA-7A7B38760210}.Release|Win32.Build.0 = Release|Win32
		{0D9DFC33-556D-47A5-9FDA-7A7B38760210}.Release|x64.ActiveCfg = Release|x64
		{0D9DFC33-556D-47A5-9FDA-7A7B38760210}.Release|x64.Build.0 = Release|x64
		{0D9DFC33-556D-47A5-9FDA-7A7B38760210}.Release|x86.ActiveCfg = Release|Win32
		{38312404-0FCC-4C08-B0D8-04D34AB86543}.Debug|Any CPU.ActiveCfg = Debug|Any CPU
		{38312404-0FCC-4C08-B0D8-04D34AB86543}.Debug|Any CPU.Build.0 = Debug|Any CPU
		{38312404-0FCC-4C08-B0D8-04D34AB86543}.Debug|Mixed Platforms.ActiveCfg = Debug|Any CPU
		{38312404-0FCC-4C08-B0D8-04D34AB86543}.Debug|Mixed Platforms.Build.0 = Debug|Any CPU
		{38312404-0FCC-4C08-B0D8-04D34AB86543}.Debug|Win32.ActiveCfg = Debug|Any CPU
		{38312404-0FCC-4C08-B0D8-04D34AB86543}.Debug|Win32.Build.0 = Debug|Any CPU
		{38312404-0FCC-4C08-B0D8-04D34AB86543}.Debug|x64.ActiveCfg = Debug|Any CPU
		{38312404-0FCC-4C08-B0D8-04D34AB86543}.Debug|x64.Build.0 = Debug|Any CPU
		{38312404-0FCC-4C08-B0D8-04D34AB86543}.Debug|x86.ActiveCfg = Debug|Any CPU
		{38312404-0FCC-4C08-B0D8-04D34AB86543}.Debug|x86.Build.0 = Debug|Any CPU
		{38312404-0FCC-4C08-B0D8-04D34AB86543}.Release|Any CPU.ActiveCfg = Release|Any CPU
		{38312404-0FCC-4C08-B0D8-04D34AB86543}.Release|Any CPU.Build.0 = Release|Any CPU
		{38312404-0FCC-4C08-B0D8-04D34AB86543}.Release|Mixed Platforms.ActiveCfg = Release|Any CPU
		{38312404-0FCC-4C08-B0D8-04D34AB86543}.Release|Mixed Platforms.Build.0 = Release|Any CPU
		{38312404-0FCC-4C08-B0D8-04D34AB86543}.Release|Win32.ActiveCfg = Release|Any CPU
		{38312404-0FCC-4C08-B0D8-04D34AB86543}.Release|Win32.Build.0 = Release|Any CPU
		{38312404-0FCC-4C08-B0D8-04D34AB86543}.Release|x64.ActiveCfg = Release|Any CPU
		{38312404-0FCC-4C08-B0D8-04D34AB86543}.Release|x64.Build.0 = Release|Any CPU
		{38312404-0FCC-4C08-B0D8-04D34AB86543}.Release|x86.ActiveCfg = Release|Any CPU
		{38312404-0FCC-4C08-B0D8-04D34AB86543}.Release|x86.Build.0 = Release|Any CPU
		{61FEB470-6B05-4821-A9A2-213F09530C48}.Debug|Any CPU.ActiveCfg = Debug|Any CPU
		{61FEB470-6B05-4821-A9A2-213F09530C48}.Debug|Any CPU.Build.0 = Debug|Any CPU
		{61FEB470-6B05-4821-A9A2-213F09530C48}.Debug|Mixed Platforms.ActiveCfg = Debug|Any CPU
		{61FEB470-6B05-4821-A9A2-213F09530C48}.Debug|Mixed Platforms.Build.0 = Debug|Any CPU
		{61FEB470-6B05-4821-A9A2-213F09530C48}.Debug|Win32.ActiveCfg = Debug|Any CPU
		{61FEB470-6B05-4821-A9A2-213F09530C48}.Debug|Win32.Build.0 = Debug|Any CPU
		{61FEB470-6B05-4821-A9A2-213F09530C48}.Debug|x64.ActiveCfg = Debug|Any CPU
		{61FEB470-6B05-4821-A9A2-213F09530C48}.Debug|x64.Build.0 = Debug|Any CPU
		{61FEB470-6B05-4821-A9A2-213F09530C48}.Debug|x86.ActiveCfg = Debug|Any CPU
		{61FEB470-6B05-4821-A9A2-213F09530C48}.Debug|x86.Build.0 = Debug|Any CPU
		{61FEB470-6B05-4821-A9A2-213F09530C48}.Release|Any CPU.ActiveCfg = Release|Any CPU
		{61FEB470-6B05-4821-A9A2-213F09530C48}.Release|Any CPU.Build.0 = Release|Any CPU
		{61FEB470-6B05-4821-A9A2-213F09530C48}.Release|Mixed Platforms.ActiveCfg = Release|Any CPU
		{61FEB470-6B05-4821-A9A2-213F09530C48}.Release|Mixed Platforms.Build.0 = Release|Any CPU
		{61FEB470-6B05-4821-A9A2-213F09530C48}.Release|Win32.ActiveCfg = Release|Any CPU
		{61FEB470-6B05-4821-A9A2-213F09530C48}.Release|Win32.Build.0 = Release|Any CPU
		{61FEB470-6B05-4821-A9A2-213F09530C48}.Release|x64.ActiveCfg = Release|Any CPU
		{61FEB470-6B05-4821-A9A2-213F09530C48}.Release|x64.Build.0 = Release|Any CPU
		{61FEB470-6B05-4821-A9A2-213F09530C48}.Release|x86.ActiveCfg = Release|Any CPU
		{61FEB470-6B05-4821-A9A2-213F09530C48}.Release|x86.Build.0 = Release|Any CPU
		{500C9AD1-37B1-439B-A8AD-C9A306564241}.Debug|Any CPU.ActiveCfg = Debug|Any CPU
		{500C9AD1-37B1-439B-A8AD-C9A306564241}.Debug|Any CPU.Build.0 = Debug|Any CPU
		{500C9AD1-37B1-439B-A8AD-C9A306564241}.Debug|Mixed Platforms.ActiveCfg = Debug|Any CPU
		{500C9AD1-37B1-439B-A8AD-C9A306564241}.Debug|Mixed Platforms.Build.0 = Debug|Any CPU
		{500C9AD1-37B1-439B-A8AD-C9A306564241}.Debug|Win32.ActiveCfg = Debug|Any CPU
		{500C9AD1-37B1-439B-A8AD-C9A306564241}.Debug|Win32.Build.0 = Debug|Any CPU
		{500C9AD1-37B1-439B-A8AD-C9A306564241}.Debug|x64.ActiveCfg = Debug|Any CPU
		{500C9AD1-37B1-439B-A8AD-C9A306564241}.Debug|x64.Build.0 = Debug|Any CPU
		{500C9AD1-37B1-439B-A8AD-C9A306564241}.Debug|x86.ActiveCfg = Debug|Any CPU
		{500C9AD1-37B1-439B-A8AD-C9A306564241}.Debug|x86.Build.0 = Debug|Any CPU
		{500C9AD1-37B1-439B-A8AD-C9A306564241}.Release|Any CPU.ActiveCfg = Release|Any CPU
		{500C9AD1-37B1-439B-A8AD-C9A306564241}.Release|Any CPU.Build.0 = Release|Any CPU
		{500C9AD1-37B1-439B-A8AD-C9A306564241}.Release|Mixed Platforms.ActiveCfg = Release|Any CPU
		{500C9AD1-37B1-439B-A8AD-C9A306564241}.Release|Mixed Platforms.Build.0 = Release|Any CPU
		{500C9AD1-37B1-439B-A8AD-C9A306564241}.Release|Win32.ActiveCfg = Release|Any CPU
		{500C9AD1-37B1-439B-A8AD-C9A306564241}.Release|Win32.Build.0 = Release|Any CPU
		{500C9AD1-37B1-439B-A8AD-C9A306564241}.Release|x64.ActiveCfg = Release|Any CPU
		{500C9AD1-37B1-439B-A8AD-C9A306564241}.Release|x64.Build.0 = Release|Any CPU
		{500C9AD1-37B1-439B-A8AD-C9A306564241}.Release|x86.ActiveCfg = Release|Any CPU
		{500C9AD1-37B1-439B-A8AD-C9A306564241}.Release|x86.Build.0 = Release|Any CPU
		{D03070B6-47B0-4017-B23B-6CB5C775C056}.Debug|Any CPU.ActiveCfg = Debug|Any CPU
		{D03070B6-47B0-4017-B23B-6CB5C775C056}.Debug|Any CPU.Build.0 = Debug|Any CPU
		{D03070B6-47B0-4017-B23B-6CB5C775C056}.Debug|Mixed Platforms.ActiveCfg = Debug|Any CPU
		{D03070B6-47B0-4017-B23B-6CB5C775C056}.Debug|Mixed Platforms.Build.0 = Debug|Any CPU
		{D03070B6-47B0-4017-B23B-6CB5C775C056}.Debug|Win32.ActiveCfg = Debug|Any CPU
		{D03070B6-47B0-4017-B23B-6CB5C775C056}.Debug|Win32.Build.0 = Debug|Any CPU
		{D03070B6-47B0-4017-B23B-6CB5C775C056}.Debug|x64.ActiveCfg = Debug|Any CPU
		{D03070B6-47B0-4017-B23B-6CB5C775C056}.Debug|x64.Build.0 = Debug|Any CPU
		{D03070B6-47B0-4017-B23B-6CB5C775C056}.Debug|x86.ActiveCfg = Debug|Any CPU
		{D03070B6-47B0-4017-B23B-6CB5C775C056}.Debug|x86.Build.0 = Debug|Any CPU
		{D03070B6-47B0-4017-B23B-6CB5C775C056}.Release|Any CPU.ActiveCfg = Release|Any CPU
		{D03070B6-47B0-4017-B23B-6CB5C775C056}.Release|Any CPU.Build.0 = Release|Any CPU
		{D03070B6-47B0-4017-B23B-6CB5C775C056}.Release|Mixed Platforms.ActiveCfg = Release|Any CPU
		{D03070B6-47B0-4017-B23B-6CB5C775C056}.Release|Mixed Platforms.Build.0 = Release|Any CPU
		{D03070B6-47B0-4017-B23B-6CB5C775C056}.Release|Win32.ActiveCfg = Release|Any CPU
		{D03070B6-47B0-4017-B23B-6CB5C775C056}.Release|Win32.Build.0 = Release|Any CPU
		{D03070B6-47B0-4017-B23B-6CB5C775C056}.Release|x64.ActiveCfg = Release|Any CPU
		{D03070B6-47B0-4017-B23B-6CB5C775C056}.Release|x64.Build.0 = Release|Any CPU
		{D03070B6-47B0-4017-B23B-6CB5C775C056}.Release|x86.ActiveCfg = Release|Any CPU
		{D03070B6-47B0-4017-B23B-6CB5C775C056}.Release|x86.Build.0 = Release|Any CPU
		{6E3CF9CE-E947-44E7-8412-E625E6BE1778}.Debug|Any CPU.ActiveCfg = Debug|Any CPU
		{6E3CF9CE-E947-44E7-8412-E625E6BE1778}.Debug|Any CPU.Build.0 = Debug|Any CPU
		{6E3CF9CE-E947-44E7-8412-E625E6BE1778}.Debug|Mixed Platforms.ActiveCfg = Debug|Any CPU
		{6E3CF9CE-E947-44E7-8412-E625E6BE1778}.Debug|Mixed Platforms.Build.0 = Debug|Any CPU
		{6E3CF9CE-E947-44E7-8412-E625E6BE1778}.Debug|Win32.ActiveCfg = Debug|Any CPU
		{6E3CF9CE-E947-44E7-8412-E625E6BE1778}.Debug|Win32.Build.0 = Debug|Any CPU
		{6E3CF9CE-E947-44E7-8412-E625E6BE1778}.Debug|x64.ActiveCfg = Debug|Any CPU
		{6E3CF9CE-E947-44E7-8412-E625E6BE1778}.Debug|x64.Build.0 = Debug|Any CPU
		{6E3CF9CE-E947-44E7-8412-E625E6BE1778}.Debug|x86.ActiveCfg = Debug|Any CPU
		{6E3CF9CE-E947-44E7-8412-E625E6BE1778}.Debug|x86.Build.0 = Debug|Any CPU
		{6E3CF9CE-E947-44E7-8412-E625E6BE1778}.Release|Any CPU.ActiveCfg = Release|Any CPU
		{6E3CF9CE-E947-44E7-8412-E625E6BE1778}.Release|Any CPU.Build.0 = Release|Any CPU
		{6E3CF9CE-E947-44E7-8412-E625E6BE1778}.Release|Mixed Platforms.ActiveCfg = Release|Any CPU
		{6E3CF9CE-E947-44E7-8412-E625E6BE1778}.Release|Mixed Platforms.Build.0 = Release|Any CPU
		{6E3CF9CE-E947-44E7-8412-E625E6BE1778}.Release|Win32.ActiveCfg = Release|Any CPU
		{6E3CF9CE-E947-44E7-8412-E625E6BE1778}.Release|Win32.Build.0 = Release|Any CPU
		{6E3CF9CE-E947-44E7-8412-E625E6BE1778}.Release|x64.ActiveCfg = Release|Any CPU
		{6E3CF9CE-E947-44E7-8412-E625E6BE1778}.Release|x64.Build.0 = Release|Any CPU
		{6E3CF9CE-E947-44E7-8412-E625E6BE1778}.Release|x86.ActiveCfg = Release|Any CPU
		{6E3CF9CE-E947-44E7-8412-E625E6BE1778}.Release|x86.Build.0 = Release|Any CPU
		{B33EF6D2-0A83-4016-9702-485E1C390915}.Debug|Any CPU.ActiveCfg = Debug|Any CPU
		{B33EF6D2-0A83-4016-9702-485E1C390915}.Debug|Mixed Platforms.ActiveCfg = Debug|Any CPU
		{B33EF6D2-0A83-4016-9702-485E1C390915}.Debug|Win32.ActiveCfg = Debug|Any CPU
		{B33EF6D2-0A83-4016-9702-485E1C390915}.Debug|x64.ActiveCfg = Debug|Any CPU
		{B33EF6D2-0A83-4016-9702-485E1C390915}.Debug|x86.ActiveCfg = Debug|Any CPU
		{B33EF6D2-0A83-4016-9702-485E1C390915}.Release|Any CPU.ActiveCfg = Release|Any CPU
		{B33EF6D2-0A83-4016-9702-485E1C390915}.Release|Mixed Platforms.ActiveCfg = Release|Any CPU
		{B33EF6D2-0A83-4016-9702-485E1C390915}.Release|Win32.ActiveCfg = Release|Any CPU
		{B33EF6D2-0A83-4016-9702-485E1C390915}.Release|x64.ActiveCfg = Release|Any CPU
		{B33EF6D2-0A83-4016-9702-485E1C390915}.Release|x86.ActiveCfg = Release|Any CPU
		{221A78C1-1CCE-4496-974C-0A248D7BDBDC}.Debug|Any CPU.ActiveCfg = Debug|Win32
		{221A78C1-1CCE-4496-974C-0A248D7BDBDC}.Debug|Mixed Platforms.ActiveCfg = Debug|Win32
		{221A78C1-1CCE-4496-974C-0A248D7BDBDC}.Debug|Mixed Platforms.Build.0 = Debug|Win32
		{221A78C1-1CCE-4496-974C-0A248D7BDBDC}.Debug|Win32.ActiveCfg = Debug|Win32
		{221A78C1-1CCE-4496-974C-0A248D7BDBDC}.Debug|Win32.Build.0 = Debug|Win32
		{221A78C1-1CCE-4496-974C-0A248D7BDBDC}.Debug|x64.ActiveCfg = Debug|x64
		{221A78C1-1CCE-4496-974C-0A248D7BDBDC}.Debug|x64.Build.0 = Debug|x64
		{221A78C1-1CCE-4496-974C-0A248D7BDBDC}.Debug|x86.ActiveCfg = Debug|Win32
		{221A78C1-1CCE-4496-974C-0A248D7BDBDC}.Release|Any CPU.ActiveCfg = Release|Win32
		{221A78C1-1CCE-4496-974C-0A248D7BDBDC}.Release|Mixed Platforms.ActiveCfg = Release|Win32
		{221A78C1-1CCE-4496-974C-0A248D7BDBDC}.Release|Mixed Platforms.Build.0 = Release|Win32
		{221A78C1-1CCE-4496-974C-0A248D7BDBDC}.Release|Win32.ActiveCfg = Release|Win32
		{221A78C1-1CCE-4496-974C-0A248D7BDBDC}.Release|Win32.Build.0 = Release|Win32
		{221A78C1-1CCE-4496-974C-0A248D7BDBDC}.Release|x64.ActiveCfg = Release|x64
		{221A78C1-1CCE-4496-974C-0A248D7BDBDC}.Release|x64.Build.0 = Release|x64
		{221A78C1-1CCE-4496-974C-0A248D7BDBDC}.Release|x86.ActiveCfg = Release|Win32
		{68F4A9F4-7F96-4251-8DC9-5395FF03AA04}.Debug|Any CPU.ActiveCfg = Debug
		{68F4A9F4-7F96-4251-8DC9-5395FF03AA04}.Debug|Mixed Platforms.ActiveCfg = Debug
		{68F4A9F4-7F96-4251-8DC9-5395FF03AA04}.Debug|Win32.ActiveCfg = Debug
		{68F4A9F4-7F96-4251-8DC9-5395FF03AA04}.Debug|x64.ActiveCfg = Debug
		{68F4A9F4-7F96-4251-8DC9-5395FF03AA04}.Debug|x86.ActiveCfg = Debug
		{68F4A9F4-7F96-4251-8DC9-5395FF03AA04}.Release|Any CPU.ActiveCfg = Release
		{68F4A9F4-7F96-4251-8DC9-5395FF03AA04}.Release|Mixed Platforms.ActiveCfg = Release
		{68F4A9F4-7F96-4251-8DC9-5395FF03AA04}.Release|Win32.ActiveCfg = Release
		{68F4A9F4-7F96-4251-8DC9-5395FF03AA04}.Release|x64.ActiveCfg = Release
		{68F4A9F4-7F96-4251-8DC9-5395FF03AA04}.Release|x86.ActiveCfg = Release
	EndGlobalSection
	GlobalSection(SolutionProperties) = preSolution
		HideSolutionNode = FALSE
	EndGlobalSection
	GlobalSection(NestedProjects) = preSolution
		{500C9AD1-37B1-439B-A8AD-C9A306564241} = {BE661ECA-C919-4B5B-BC99-E75D55B096DD}
		{D03070B6-47B0-4017-B23B-6CB5C775C056} = {BE661ECA-C919-4B5B-BC99-E75D55B096DD}
	EndGlobalSection
	GlobalSection(ExtensibilityGlobals) = postSolution
		SolutionGuid = {4E1998E9-2A6A-420C-AA70-BAE2E1A9A5CD}
	EndGlobalSection
EndGlobal
